apiVersion: vendir.k14s.io/v1alpha1
directories:
- contents:
  - git:
      commitTitle: 'release: update manifest and Helm charts for v1.6.3 (#1762)'
      sha: 6fbebbcee35f8439672bc23a295d208a9dda1088
      tags:
      - v1.6.3
    path: azure-workload-identity-webhook
  path: helm
kind: LockConfig
