apiVersion: vendir.k14s.io/v1alpha1
directories:
- contents:
  - git:
      commitTitle: 'ci: cleanup disk in release workflow to avoid running out of space
        (#1592)...'
      sha: 350cb28ceab55d0696bef2077a1cc9dff368e982
      tags:
      - v1.5.0
    path: azure-workload-identity-webhook
  path: helm
kind: LockConfig
